
Microsoft Visual Studio Solution File, Format Version 12.00
# Visual Studio Version 17
VisualStudioVersion = 17.6.33815.320
MinimumVisualStudioVersion = 10.0.40219.1
Project("{8BC9CEB8-8B4A-11D0-8D11-00A0C91BC942}") = "newmamba", "newmamba\newmamba.vcxproj", "{10B396B5-38F8-4360-93E2-04448E4E9B70}"
EndProject
Project("{54435603-DBB4-11D2-8724-00A0C9A8B90C}") = "Setup2", "Setup2\Setup2.vdproj", "{FD0F7F2C-FA72-4EE2-A830-6863E60242DF}"
EndProject
Global
	GlobalSection(SolutionConfigurationPlatforms) = preSolution
		Debug|x64 = Debug|x64
		Debug|x86 = Debug|x86
		Release|x64 = Release|x64
		Release|x86 = Release|x86
	EndGlobalSection
	GlobalSection(ProjectConfigurationPlatforms) = postSolution
		{10B396B5-38F8-4360-93E2-04448E4E9B70}.Debug|x64.ActiveCfg = Debug|x64
		{10B396B5-38F8-4360-93E2-04448E4E9B70}.Debug|x64.Build.0 = Debug|x64
		{10B396B5-38F8-4360-93E2-04448E4E9B70}.Debug|x86.ActiveCfg = Debug|Win32
		{10B396B5-38F8-4360-93E2-04448E4E9B70}.Debug|x86.Build.0 = Debug|Win32
		{10B396B5-38F8-4360-93E2-04448E4E9B70}.Release|x64.ActiveCfg = Release|x64
		{10B396B5-38F8-4360-93E2-04448E4E9B70}.Release|x64.Build.0 = Release|x64
		{10B396B5-38F8-4360-93E2-04448E4E9B70}.Release|x86.ActiveCfg = Release|Win32
		{10B396B5-38F8-4360-93E2-04448E4E9B70}.Release|x86.Build.0 = Release|Win32
		{FD0F7F2C-FA72-4EE2-A830-6863E60242DF}.Debug|x64.ActiveCfg = Debug
		{FD0F7F2C-FA72-4EE2-A830-6863E60242DF}.Debug|x86.ActiveCfg = Debug
		{FD0F7F2C-FA72-4EE2-A830-6863E60242DF}.Release|x64.ActiveCfg = Release
		{FD0F7F2C-FA72-4EE2-A830-6863E60242DF}.Release|x86.ActiveCfg = Release
	EndGlobalSection
	GlobalSection(SolutionProperties) = preSolution
		HideSolutionNode = FALSE
	EndGlobalSection
	GlobalSection(ExtensibilityGlobals) = postSolution
		SolutionGuid = {2596E266-C5C0-41A8-9A79-44B0C4F12487}
	EndGlobalSection
EndGlobal
